{
  "name": "example-app",
  "lockfileVersion": 3,
  "packages": {
    "": {
      "name": "example-app",
      "dependencies": {
        "removed-package": "^1.0.0"
      },
      "devDependencies": {
        "changed-package": "^2.0.0"
      }
    },
    "packages/web": {
      "name": "web"
    },
    "node_modules/changed-package": {
      "version": "3.1.0",
      "license": "MIT"
    },
    "node_modules/transitive-only": {
      "version": "9.9.9",
      "license": "MIT"
    }
  }
}
