{
  "name": "example-app",
  "lockfileVersion": 3,
  "packages": {
    "": {
      "name": "example-app",
      "dependencies": {
        "runtime-package": "^2.0.0"
      },
      "devDependencies": {
        "build-package": "~3.1.0"
      },
      "workspaces": ["packages/*"]
    },
    "packages/web": {
      "name": "web",
      "peerDependencies": {
        "react": "^18.0.0 || ^19.0.0"
      }
    },
    "node_modules/runtime-package": {
      "version": "2.4.0",
      "dependencies": {
        "transitive-only": "^9.0.0"
      }
    },
    "node_modules/transitive-only": {
      "version": "9.9.9"
    }
  }
}
